# This file was autogenerated by Stack.
# You should not edit this file by hand.
# For more information, please see the documentation at:
#   https://docs.haskellstack.org/en/stable/lock_files

packages:
- completed:
    hackage: hakyll-4.15.1.0@sha256:e5017c9fbecbffac951710550f8a1c6b2506bbe94e1deb470a5b18c55c87ca97,9562
    pantry-tree:
      size: 8860
      sha256: 13faa259d6f7a98043f007bc37640daf41d8b01e02a38b8f54bb39127d6a5bed
  original:
    hackage: hakyll-4.15.1.0
snapshots:
- completed:
    size: 586069
    url: https://raw.githubusercontent.com/commercialhaskell/stackage-snapshots/master/lts/18/14.yaml
    sha256: 87842ecbaa8ca9cee59a7e6be52369dbed82ed075cb4e0d152614a627e8fd488
  original: lts-18.14
